// !$*UTF8*$!
{
	archiveVersion = 1;
	classes = {
	};
	objectVersion = 46;
	objects = {

/* Begin PBXBuildFile section */
		2A24021F1E2762FC00FF54F0 /* cor1.png in Resources */ = {isa = PBXBuildFile; fileRef = 2A2402151E2762FC00FF54F0 /* cor1.png */; };
		2A2402201E2762FC00FF54F0 /* cor2.png in Resources */ = {isa = PBXBuildFile; fileRef = 2A2402161E2762FC00FF54F0 /* cor2.png */; };
		2A2402211E2762FC00FF54F0 /* cor3.png in Resources */ = {isa = PBXBuildFile; fileRef = 2A2402171E2762FC00FF54F0 /* cor3.png */; };
		2A2402221E2762FC00FF54F0 /* cor4.png in Resources */ = {isa = PBXBuildFile; fileRef = 2A2402181E2762FC00FF54F0 /* cor4.png */; };
		2A2402231E2762FC00FF54F0 /* QRCodeBackView.m in Sources */ = {isa = PBXBuildFile; fileRef = 2A24021A1E2762FC00FF54F0 /* QRCodeBackView.m */; };
		2A2402241E2762FC00FF54F0 /* QRGreenLine@2x.png in Resources */ = {isa = PBXBuildFile; fileRef = 2A24021B1E2762FC00FF54F0 /* QRGreenLine@2x.png */; };
		2A2402251E2762FC00FF54F0 /* QRView.m in Sources */ = {isa = PBXBuildFile; fileRef = 2A24021D1E2762FC00FF54F0 /* QRView.m */; };
		2A2402261E2762FC00FF54F0 /* QRWhiteLine@2x.png in Resources */ = {isa = PBXBuildFile; fileRef = 2A24021E1E2762FC00FF54F0 /* QRWhiteLine@2x.png */; };
		2A2402291E27637900FF54F0 /* LJCreateQRCode.m in Sources */ = {isa = PBXBuildFile; fileRef = 2A2402281E27637900FF54F0 /* LJCreateQRCode.m */; };
		2A24022C1E276BE000FF54F0 /* LJCreateQRViewController.m in Sources */ = {isa = PBXBuildFile; fileRef = 2A24022B1E276BE000FF54F0 /* LJCreateQRViewController.m */; };
		2A24022E1E276FE200FF54F0 /* logo@2x.png in Resources */ = {isa = PBXBuildFile; fileRef = 2A24022D1E276FE200FF54F0 /* logo@2x.png */; };
		2AA55ECB1E45B25600140497 /* button@2x.png in Resources */ = {isa = PBXBuildFile; fileRef = 2AA55ECA1E45B25600140497 /* button@2x.png */; };
		2AA55ECD1E45B26400140497 /* head.jpg in Resources */ = {isa = PBXBuildFile; fileRef = 2AA55ECC1E45B26400140497 /* head.jpg */; };
		9174A5EC1B3B96CA0067E7C1 /* main.m in Sources */ = {isa = PBXBuildFile; fileRef = 9174A5EB1B3B96CA0067E7C1 /* main.m */; };
		9174A5EF1B3B96CA0067E7C1 /* AppDelegate.m in Sources */ = {isa = PBXBuildFile; fileRef = 9174A5EE1B3B96CA0067E7C1 /* AppDelegate.m */; };
		9174A5F21B3B96CA0067E7C1 /* ViewController.m in Sources */ = {isa = PBXBuildFile; fileRef = 9174A5F11B3B96CA0067E7C1 /* ViewController.m */; };
		9174A5F51B3B96CA0067E7C1 /* Main.storyboard in Resources */ = {isa = PBXBuildFile; fileRef = 9174A5F31B3B96CA0067E7C1 /* Main.storyboard */; };
		9174A5F71B3B96CA0067E7C1 /* Images.xcassets in Resources */ = {isa = PBXBuildFile; fileRef = 9174A5F61B3B96CA0067E7C1 /* Images.xcassets */; };
		9174A5FA1B3B96CA0067E7C1 /* LaunchScreen.xib in Resources */ = {isa = PBXBuildFile; fileRef = 9174A5F81B3B96CA0067E7C1 /* LaunchScreen.xib */; };
		9174A6061B3B96CA0067E7C1 /* ___Tests.m in Sources */ = {isa = PBXBuildFile; fileRef = 9174A6051B3B96CA0067E7C1 /* ___Tests.m */; };
/* End PBXBuildFile section */

/* Begin PBXContainerItemProxy section */
		9174A6001B3B96CA0067E7C1 /* PBXContainerItemProxy */ = {
			isa = PBXContainerItemProxy;
			containerPortal = 9174A5DE1B3B96CA0067E7C1 /* Project object */;
			proxyType = 1;
			remoteGlobalIDString = 9174A5E51B3B96CA0067E7C1;
			remoteInfo = "二维码";
		};
/* End PBXContainerItemProxy section */

/* Begin PBXFileReference section */
		2A2402111E2760A300FF54F0 /* zh-Hans */ = {isa = PBXFileReference; lastKnownFileType = text.plist.strings; name = "zh-Hans"; path = "zh-Hans.lproj/Main.strings"; sourceTree = "<group>"; };
		2A2402121E2760A400FF54F0 /* zh-Hans */ = {isa = PBXFileReference; lastKnownFileType = text.plist.strings; name = "zh-Hans"; path = "zh-Hans.lproj/LaunchScreen.strings"; sourceTree = "<group>"; };
		2A2402151E2762FC00FF54F0 /* cor1.png */ = {isa = PBXFileReference; lastKnownFileType = image.png; path = cor1.png; sourceTree = "<group>"; };
		2A2402161E2762FC00FF54F0 /* cor2.png */ = {isa = PBXFileReference; lastKnownFileType = image.png; path = cor2.png; sourceTree = "<group>"; };
		2A2402171E2762FC00FF54F0 /* cor3.png */ = {isa = PBXFileReference; lastKnownFileType = image.png; path = cor3.png; sourceTree = "<group>"; };
		2A2402181E2762FC00FF54F0 /* cor4.png */ = {isa = PBXFileReference; lastKnownFileType = image.png; path = cor4.png; sourceTree = "<group>"; };
		2A2402191E2762FC00FF54F0 /* QRCodeBackView.h */ = {isa = PBXFileReference; fileEncoding = 4; lastKnownFileType = sourcecode.c.h; path = QRCodeBackView.h; sourceTree = "<group>"; };
		2A24021A1E2762FC00FF54F0 /* QRCodeBackView.m */ = {isa = PBXFileReference; fileEncoding = 4; lastKnownFileType = sourcecode.c.objc; path = QRCodeBackView.m; sourceTree = "<group>"; };
		2A24021B1E2762FC00FF54F0 /* QRGreenLine@2x.png */ = {isa = PBXFileReference; lastKnownFileType = image.png; path = "QRGreenLine@2x.png"; sourceTree = "<group>"; };
		2A24021C1E2762FC00FF54F0 /* QRView.h */ = {isa = PBXFileReference; fileEncoding = 4; lastKnownFileType = sourcecode.c.h; path = QRView.h; sourceTree = "<group>"; };
		2A24021D1E2762FC00FF54F0 /* QRView.m */ = {isa = PBXFileReference; fileEncoding = 4; lastKnownFileType = sourcecode.c.objc; path = QRView.m; sourceTree = "<group>"; };
		2A24021E1E2762FC00FF54F0 /* QRWhiteLine@2x.png */ = {isa = PBXFileReference; lastKnownFileType = image.png; path = "QRWhiteLine@2x.png"; sourceTree = "<group>"; };
		2A2402271E27637900FF54F0 /* LJCreateQRCode.h */ = {isa = PBXFileReference; fileEncoding = 4; lastKnownFileType = sourcecode.c.h; path = LJCreateQRCode.h; sourceTree = "<group>"; };
		2A2402281E27637900FF54F0 /* LJCreateQRCode.m */ = {isa = PBXFileReference; fileEncoding = 4; lastKnownFileType = sourcecode.c.objc; path = LJCreateQRCode.m; sourceTree = "<group>"; };
		2A24022A1E276BE000FF54F0 /* LJCreateQRViewController.h */ = {isa = PBXFileReference; fileEncoding = 4; lastKnownFileType = sourcecode.c.h; path = LJCreateQRViewController.h; sourceTree = "<group>"; };
		2A24022B1E276BE000FF54F0 /* LJCreateQRViewController.m */ = {isa = PBXFileReference; fileEncoding = 4; lastKnownFileType = sourcecode.c.objc; path = LJCreateQRViewController.m; sourceTree = "<group>"; };
		2A24022D1E276FE200FF54F0 /* logo@2x.png */ = {isa = PBXFileReference; lastKnownFileType = image.png; path = "logo@2x.png"; sourceTree = "<group>"; };
		2AA55ECA1E45B25600140497 /* button@2x.png */ = {isa = PBXFileReference; lastKnownFileType = image.png; path = "button@2x.png"; sourceTree = "<group>"; };
		2AA55ECC1E45B26400140497 /* head.jpg */ = {isa = PBXFileReference; lastKnownFileType = image.jpeg; path = head.jpg; sourceTree = "<group>"; };
		9174A5E61B3B96CA0067E7C1 /* 二维码.app */ = {isa = PBXFileReference; explicitFileType = wrapper.application; includeInIndex = 0; path = "二维码.app"; sourceTree = BUILT_PRODUCTS_DIR; };
		9174A5EA1B3B96CA0067E7C1 /* Info.plist */ = {isa = PBXFileReference; lastKnownFileType = text.plist.xml; path = Info.plist; sourceTree = "<group>"; };
		9174A5EB1B3B96CA0067E7C1 /* main.m */ = {isa = PBXFileReference; lastKnownFileType = sourcecode.c.objc; path = main.m; sourceTree = "<group>"; };
		9174A5ED1B3B96CA0067E7C1 /* AppDelegate.h */ = {isa = PBXFileReference; lastKnownFileType = sourcecode.c.h; path = AppDelegate.h; sourceTree = "<group>"; };
		9174A5EE1B3B96CA0067E7C1 /* AppDelegate.m */ = {isa = PBXFileReference; lastKnownFileType = sourcecode.c.objc; path = AppDelegate.m; sourceTree = "<group>"; };
		9174A5F01B3B96CA0067E7C1 /* ViewController.h */ = {isa = PBXFileReference; lastKnownFileType = sourcecode.c.h; path = ViewController.h; sourceTree = "<group>"; };
		9174A5F11B3B96CA0067E7C1 /* ViewController.m */ = {isa = PBXFileReference; lastKnownFileType = sourcecode.c.objc; path = ViewController.m; sourceTree = "<group>"; };
		9174A5F41B3B96CA0067E7C1 /* Base */ = {isa = PBXFileReference; lastKnownFileType = file.storyboard; name = Base; path = Base.lproj/Main.storyboard; sourceTree = "<group>"; };
		9174A5F61B3B96CA0067E7C1 /* Images.xcassets */ = {isa = PBXFileReference; lastKnownFileType = folder.assetcatalog; path = Images.xcassets; sourceTree = "<group>"; };
		9174A5F91B3B96CA0067E7C1 /* Base */ = {isa = PBXFileReference; lastKnownFileType = file.xib; name = Base; path = Base.lproj/LaunchScreen.xib; sourceTree = "<group>"; };
		9174A5FF1B3B96CA0067E7C1 /* 二维码Tests.xctest */ = {isa = PBXFileReference; explicitFileType = wrapper.cfbundle; includeInIndex = 0; path = "二维码Tests.xctest"; sourceTree = BUILT_PRODUCTS_DIR; };
		9174A6041B3B96CA0067E7C1 /* Info.plist */ = {isa = PBXFileReference; lastKnownFileType = text.plist.xml; path = Info.plist; sourceTree = "<group>"; };
		9174A6051B3B96CA0067E7C1 /* ___Tests.m */ = {isa = PBXFileReference; lastKnownFileType = sourcecode.c.objc; path = "___Tests.m"; sourceTree = "<group>"; };
/* End PBXFileReference section */

/* Begin PBXFrameworksBuildPhase section */
		9174A5E31B3B96CA0067E7C1 /* Frameworks */ = {
			isa = PBXFrameworksBuildPhase;
			buildActionMask = 2147483647;
			files = (
			);
			runOnlyForDeploymentPostprocessing = 0;
		};
		9174A5FC1B3B96CA0067E7C1 /* Frameworks */ = {
			isa = PBXFrameworksBuildPhase;
			buildActionMask = 2147483647;
			files = (
			);
			runOnlyForDeploymentPostprocessing = 0;
		};
/* End PBXFrameworksBuildPhase section */

/* Begin PBXGroup section */
		2A0570DF1BEB44E4008CCC4B /* LJQRCode */ = {
			isa = PBXGroup;
			children = (
				2A2402131E2762FC00FF54F0 /* CreateQR */,
				2A2402141E2762FC00FF54F0 /* RecognizeQR */,
			);
			path = LJQRCode;
			sourceTree = "<group>";
		};
		2A2402131E2762FC00FF54F0 /* CreateQR */ = {
			isa = PBXGroup;
			children = (
				2A2402271E27637900FF54F0 /* LJCreateQRCode.h */,
				2A2402281E27637900FF54F0 /* LJCreateQRCode.m */,
			);
			path = CreateQR;
			sourceTree = "<group>";
		};
		2A2402141E2762FC00FF54F0 /* RecognizeQR */ = {
			isa = PBXGroup;
			children = (
				2A2402151E2762FC00FF54F0 /* cor1.png */,
				2A2402161E2762FC00FF54F0 /* cor2.png */,
				2A2402171E2762FC00FF54F0 /* cor3.png */,
				2A2402181E2762FC00FF54F0 /* cor4.png */,
				2A24021B1E2762FC00FF54F0 /* QRGreenLine@2x.png */,
				2A24021E1E2762FC00FF54F0 /* QRWhiteLine@2x.png */,
				2A2402191E2762FC00FF54F0 /* QRCodeBackView.h */,
				2A24021A1E2762FC00FF54F0 /* QRCodeBackView.m */,
				2A24021C1E2762FC00FF54F0 /* QRView.h */,
				2A24021D1E2762FC00FF54F0 /* QRView.m */,
			);
			path = RecognizeQR;
			sourceTree = "<group>";
		};
		9174A5DD1B3B96CA0067E7C1 = {
			isa = PBXGroup;
			children = (
				9174A5E81B3B96CA0067E7C1 /* 二维码 */,
				9174A6021B3B96CA0067E7C1 /* 二维码Tests */,
				9174A5E71B3B96CA0067E7C1 /* Products */,
			);
			sourceTree = "<group>";
		};
		9174A5E71B3B96CA0067E7C1 /* Products */ = {
			isa = PBXGroup;
			children = (
				9174A5E61B3B96CA0067E7C1 /* 二维码.app */,
				9174A5FF1B3B96CA0067E7C1 /* 二维码Tests.xctest */,
			);
			name = Products;
			sourceTree = "<group>";
		};
		9174A5E81B3B96CA0067E7C1 /* 二维码 */ = {
			isa = PBXGroup;
			children = (
				2A0570DF1BEB44E4008CCC4B /* LJQRCode */,
				9174A5ED1B3B96CA0067E7C1 /* AppDelegate.h */,
				9174A5EE1B3B96CA0067E7C1 /* AppDelegate.m */,
				9174A5F01B3B96CA0067E7C1 /* ViewController.h */,
				9174A5F11B3B96CA0067E7C1 /* ViewController.m */,
				2A24022A1E276BE000FF54F0 /* LJCreateQRViewController.h */,
				2A24022B1E276BE000FF54F0 /* LJCreateQRViewController.m */,
				2AA55ECA1E45B25600140497 /* button@2x.png */,
				2A24022D1E276FE200FF54F0 /* logo@2x.png */,
				2AA55ECC1E45B26400140497 /* head.jpg */,
				9174A5F31B3B96CA0067E7C1 /* Main.storyboard */,
				9174A5F61B3B96CA0067E7C1 /* Images.xcassets */,
				9174A5F81B3B96CA0067E7C1 /* LaunchScreen.xib */,
				9174A5E91B3B96CA0067E7C1 /* Supporting Files */,
			);
			path = "二维码";
			sourceTree = "<group>";
		};
		9174A5E91B3B96CA0067E7C1 /* Supporting Files */ = {
			isa = PBXGroup;
			children = (
				9174A5EA1B3B96CA0067E7C1 /* Info.plist */,
				9174A5EB1B3B96CA0067E7C1 /* main.m */,
			);
			name = "Supporting Files";
			sourceTree = "<group>";
		};
		9174A6021B3B96CA0067E7C1 /* 二维码Tests */ = {
			isa = PBXGroup;
			children = (
				9174A6051B3B96CA0067E7C1 /* ___Tests.m */,
				9174A6031B3B96CA0067E7C1 /* Supporting Files */,
			);
			path = "二维码Tests";
			sourceTree = "<group>";
		};
		9174A6031B3B96CA0067E7C1 /* Supporting Files */ = {
			isa = PBXGroup;
			children = (
				9174A6041B3B96CA0067E7C1 /* Info.plist */,
			);
			name = "Supporting Files";
			sourceTree = "<group>";
		};
/* End PBXGroup section */

/* Begin PBXNativeTarget section */
		9174A5E51B3B96CA0067E7C1 /* 二维码 */ = {
			isa = PBXNativeTarget;
			buildConfigurationList = 9174A6091B3B96CA0067E7C1 /* Build configuration list for PBXNativeTarget "二维码" */;
			buildPhases = (
				9174A5E21B3B96CA0067E7C1 /* Sources */,
				9174A5E31B3B96CA0067E7C1 /* Frameworks */,
				9174A5E41B3B96CA0067E7C1 /* Resources */,
			);
			buildRules = (
			);
			dependencies = (
			);
			name = "二维码";
			productName = "二维码";
			productReference = 9174A5E61B3B96CA0067E7C1 /* 二维码.app */;
			productType = "com.apple.product-type.application";
		};
		9174A5FE1B3B96CA0067E7C1 /* 二维码Tests */ = {
			isa = PBXNativeTarget;
			buildConfigurationList = 9174A60C1B3B96CA0067E7C1 /* Build configuration list for PBXNativeTarget "二维码Tests" */;
			buildPhases = (
				9174A5FB1B3B96CA0067E7C1 /* Sources */,
				9174A5FC1B3B96CA0067E7C1 /* Frameworks */,
				9174A5FD1B3B96CA0067E7C1 /* Resources */,
			);
			buildRules = (
			);
			dependencies = (
				9174A6011B3B96CA0067E7C1 /* PBXTargetDependency */,
			);
			name = "二维码Tests";
			productName = "二维码Tests";
			productReference = 9174A5FF1B3B96CA0067E7C1 /* 二维码Tests.xctest */;
			productType = "com.apple.product-type.bundle.unit-test";
		};
/* End PBXNativeTarget section */

/* Begin PBXProject section */
		9174A5DE1B3B96CA0067E7C1 /* Project object */ = {
			isa = PBXProject;
			attributes = {
				LastUpgradeCheck = 0630;
				ORGANIZATIONNAME = celink;
				TargetAttributes = {
					9174A5E51B3B96CA0067E7C1 = {
						CreatedOnToolsVersion = 6.3.2;
						DevelopmentTeam = KKHXU36BGT;
					};
					9174A5FE1B3B96CA0067E7C1 = {
						CreatedOnToolsVersion = 6.3.2;
						TestTargetID = 9174A5E51B3B96CA0067E7C1;
					};
				};
			};
			buildConfigurationList = 9174A5E11B3B96CA0067E7C1 /* Build configuration list for PBXProject "二维码" */;
			compatibilityVersion = "Xcode 3.2";
			developmentRegion = English;
			hasScannedForEncodings = 0;
			knownRegions = (
				en,
				Base,
			);
			mainGroup = 9174A5DD1B3B96CA0067E7C1;
			productRefGroup = 9174A5E71B3B96CA0067E7C1 /* Products */;
			projectDirPath = "";
			projectRoot = "";
			targets = (
				9174A5E51B3B96CA0067E7C1 /* 二维码 */,
				9174A5FE1B3B96CA0067E7C1 /* 二维码Tests */,
			);
		};
/* End PBXProject section */

/* Begin PBXResourcesBuildPhase section */
		9174A5E41B3B96CA0067E7C1 /* Resources */ = {
			isa = PBXResourcesBuildPhase;
			buildActionMask = 2147483647;
			files = (
				2A24021F1E2762FC00FF54F0 /* cor1.png in Resources */,
				2AA55ECD1E45B26400140497 /* head.jpg in Resources */,
				2A2402201E2762FC00FF54F0 /* cor2.png in Resources */,
				2A2402211E2762FC00FF54F0 /* cor3.png in Resources */,
				2A2402241E2762FC00FF54F0 /* QRGreenLine@2x.png in Resources */,
				2A2402261E2762FC00FF54F0 /* QRWhiteLine@2x.png in Resources */,
				2A2402221E2762FC00FF54F0 /* cor4.png in Resources */,
				9174A5F51B3B96CA0067E7C1 /* Main.storyboard in Resources */,
				9174A5FA1B3B96CA0067E7C1 /* LaunchScreen.xib in Resources */,
				2A24022E1E276FE200FF54F0 /* logo@2x.png in Resources */,
				2AA55ECB1E45B25600140497 /* button@2x.png in Resources */,
				9174A5F71B3B96CA0067E7C1 /* Images.xcassets in Resources */,
			);
			runOnlyForDeploymentPostprocessing = 0;
		};
		9174A5FD1B3B96CA0067E7C1 /* Resources */ = {
			isa = PBXResourcesBuildPhase;
			buildActionMask = 2147483647;
			files = (
			);
			runOnlyForDeploymentPostprocessing = 0;
		};
/* End PBXResourcesBuildPhase section */

/* Begin PBXSourcesBuildPhase section */
		9174A5E21B3B96CA0067E7C1 /* Sources */ = {
			isa = PBXSourcesBuildPhase;
			buildActionMask = 2147483647;
			files = (
				9174A5F21B3B96CA0067E7C1 /* ViewController.m in Sources */,
				2A2402231E2762FC00FF54F0 /* QRCodeBackView.m in Sources */,
				2A24022C1E276BE000FF54F0 /* LJCreateQRViewController.m in Sources */,
				9174A5EF1B3B96CA0067E7C1 /* AppDelegate.m in Sources */,
				2A2402291E27637900FF54F0 /* LJCreateQRCode.m in Sources */,
				9174A5EC1B3B96CA0067E7C1 /* main.m in Sources */,
				2A2402251E2762FC00FF54F0 /* QRView.m in Sources */,
			);
			runOnlyForDeploymentPostprocessing = 0;
		};
		9174A5FB1B3B96CA0067E7C1 /* Sources */ = {
			isa = PBXSourcesBuildPhase;
			buildActionMask = 2147483647;
			files = (
				9174A6061B3B96CA0067E7C1 /* ___Tests.m in Sources */,
			);
			runOnlyForDeploymentPostprocessing = 0;
		};
/* End PBXSourcesBuildPhase section */

/* Begin PBXTargetDependency section */
		9174A6011B3B96CA0067E7C1 /* PBXTargetDependency */ = {
			isa = PBXTargetDependency;
			target = 9174A5E51B3B96CA0067E7C1 /* 二维码 */;
			targetProxy = 9174A6001B3B96CA0067E7C1 /* PBXContainerItemProxy */;
		};
/* End PBXTargetDependency section */

/* Begin PBXVariantGroup section */
		9174A5F31B3B96CA0067E7C1 /* Main.storyboard */ = {
			isa = PBXVariantGroup;
			children = (
				9174A5F41B3B96CA0067E7C1 /* Base */,
				2A2402111E2760A300FF54F0 /* zh-Hans */,
			);
			name = Main.storyboard;
			sourceTree = "<group>";
		};
		9174A5F81B3B96CA0067E7C1 /* LaunchScreen.xib */ = {
			isa = PBXVariantGroup;
			children = (
				9174A5F91B3B96CA0067E7C1 /* Base */,
				2A2402121E2760A400FF54F0 /* zh-Hans */,
			);
			name = LaunchScreen.xib;
			sourceTree = "<group>";
		};
/* End PBXVariantGroup section */

/* Begin XCBuildConfiguration section */
		9174A6071B3B96CA0067E7C1 /* Debug */ = {
			isa = XCBuildConfiguration;
			buildSettings = {
				ALWAYS_SEARCH_USER_PATHS = NO;
				CLANG_ANALYZER_LOCALIZABILITY_NONLOCALIZED = YES;
				CLANG_CXX_LANGUAGE_STANDARD = "gnu++0x";
				CLANG_CXX_LIBRARY = "libc++";
				CLANG_ENABLE_MODULES = YES;
				CLANG_ENABLE_OBJC_ARC = YES;
				CLANG_WARN_BOOL_CONVERSION = YES;
				CLANG_WARN_CONSTANT_CONVERSION = YES;
				CLANG_WARN_DIRECT_OBJC_ISA_USAGE = YES_ERROR;
				CLANG_WARN_EMPTY_BODY = YES;
				CLANG_WARN_ENUM_CONVERSION = YES;
				CLANG_WARN_INT_CONVERSION = YES;
				CLANG_WARN_OBJC_ROOT_CLASS = YES_ERROR;
				CLANG_WARN_UNREACHABLE_CODE = YES;
				CLANG_WARN__DUPLICATE_METHOD_MATCH = YES;
				"CODE_SIGN_IDENTITY[sdk=iphoneos*]" = "iPhone Developer";
				COPY_PHASE_STRIP = NO;
				DEBUG_INFORMATION_FORMAT = "dwarf-with-dsym";
				ENABLE_STRICT_OBJC_MSGSEND = YES;
				GCC_C_LANGUAGE_STANDARD = gnu99;
				GCC_DYNAMIC_NO_PIC = NO;
				GCC_NO_COMMON_BLOCKS = YES;
				GCC_OPTIMIZATION_LEVEL = 0;
				GCC_PREPROCESSOR_DEFINITIONS = (
					"DEBUG=1",
					"$(inherited)",
				);
				GCC_SYMBOLS_PRIVATE_EXTERN = NO;
				GCC_WARN_64_TO_32_BIT_CONVERSION = YES;
				GCC_WARN_ABOUT_RETURN_TYPE = YES_ERROR;
				GCC_WARN_UNDECLARED_SELECTOR = YES;
				GCC_WARN_UNINITIALIZED_AUTOS = YES_AGGRESSIVE;
				GCC_WARN_UNUSED_FUNCTION = YES;
				GCC_WARN_UNUSED_VARIABLE = YES;
				IPHONEOS_DEPLOYMENT_TARGET = 8.3;
				MTL_ENABLE_DEBUG_INFO = YES;
				ONLY_ACTIVE_ARCH = YES;
				SDKROOT = iphoneos;
			};
			name = Debug;
		};
		9174A6081B3B96CA0067E7C1 /* Release */ = {
			isa = XCBuildConfiguration;
			buildSettings = {
				ALWAYS_SEARCH_USER_PATHS = NO;
				CLANG_ANALYZER_LOCALIZABILITY_NONLOCALIZED = YES;
				CLANG_CXX_LANGUAGE_STANDARD = "gnu++0x";
				CLANG_CXX_LIBRARY = "libc++";
				CLANG_ENABLE_MODULES = YES;
				CLANG_ENABLE_OBJC_ARC = YES;
				CLANG_WARN_BOOL_CONVERSION = YES;
				CLANG_WARN_CONSTANT_CONVERSION = YES;
				CLANG_WARN_DIRECT_OBJC_ISA_USAGE = YES_ERROR;
				CLANG_WARN_EMPTY_BODY = YES;
				CLANG_WARN_ENUM_CONVERSION = YES;
				CLANG_WARN_INT_CONVERSION = YES;
				CLANG_WARN_OBJC_ROOT_CLASS = YES_ERROR;
				CLANG_WARN_UNREACHABLE_CODE = YES;
				CLANG_WARN__DUPLICATE_METHOD_MATCH = YES;
				"CODE_SIGN_IDENTITY[sdk=iphoneos*]" = "iPhone Developer";
				COPY_PHASE_STRIP = NO;
				DEBUG_INFORMATION_FORMAT = "dwarf-with-dsym";
				ENABLE_NS_ASSERTIONS = NO;
				ENABLE_STRICT_OBJC_MSGSEND = YES;
				GCC_C_LANGUAGE_STANDARD = gnu99;
				GCC_NO_COMMON_BLOCKS = YES;
				GCC_WARN_64_TO_32_BIT_CONVERSION = YES;
				GCC_WARN_ABOUT_RETURN_TYPE = YES_ERROR;
				GCC_WARN_UNDECLARED_SELECTOR = YES;
				GCC_WARN_UNINITIALIZED_AUTOS = YES_AGGRESSIVE;
				GCC_WARN_UNUSED_FUNCTION = YES;
				GCC_WARN_UNUSED_VARIABLE = YES;
				IPHONEOS_DEPLOYMENT_TARGET = 8.3;
				MTL_ENABLE_DEBUG_INFO = NO;
				SDKROOT = iphoneos;
				VALIDATE_PRODUCT = YES;
			};
			name = Release;
		};
		9174A60A1B3B96CA0067E7C1 /* Debug */ = {
			isa = XCBuildConfiguration;
			buildSettings = {
				ASSETCATALOG_COMPILER_APPICON_NAME = AppIcon;
				DEVELOPMENT_TEAM = KKHXU36BGT;
				INFOPLIST_FILE = "二维码/Info.plist";
				LD_RUNPATH_SEARCH_PATHS = "$(inherited) @executable_path/Frameworks";
				PRODUCT_NAME = "$(TARGET_NAME)";
			};
			name = Debug;
		};
		9174A60B1B3B96CA0067E7C1 /* Release */ = {
			isa = XCBuildConfiguration;
			buildSettings = {
				ASSETCATALOG_COMPILER_APPICON_NAME = AppIcon;
				DEVELOPMENT_TEAM = KKHXU36BGT;
				INFOPLIST_FILE = "二维码/Info.plist";
				LD_RUNPATH_SEARCH_PATHS = "$(inherited) @executable_path/Frameworks";
				PRODUCT_NAME = "$(TARGET_NAME)";
			};
			name = Release;
		};
		9174A60D1B3B96CA0067E7C1 /* Debug */ = {
			isa = XCBuildConfiguration;
			buildSettings = {
				BUNDLE_LOADER = "$(TEST_HOST)";
				FRAMEWORK_SEARCH_PATHS = (
					"$(SDKROOT)/Developer/Library/Frameworks",
					"$(inherited)",
				);
				GCC_PREPROCESSOR_DEFINITIONS = (
					"DEBUG=1",
					"$(inherited)",
				);
				INFOPLIST_FILE = "二维码Tests/Info.plist";
				LD_RUNPATH_SEARCH_PATHS = "$(inherited) @executable_path/Frameworks @loader_path/Frameworks";
				PRODUCT_NAME = "$(TARGET_NAME)";
				TEST_HOST = "$(BUILT_PRODUCTS_DIR)/二维码.app/二维码";
			};
			name = Debug;
		};
		9174A60E1B3B96CA0067E7C1 /* Release */ = {
			isa = XCBuildConfiguration;
			buildSettings = {
				BUNDLE_LOADER = "$(TEST_HOST)";
				FRAMEWORK_SEARCH_PATHS = (
					"$(SDKROOT)/Developer/Library/Frameworks",
					"$(inherited)",
				);
				INFOPLIST_FILE = "二维码Tests/Info.plist";
				LD_RUNPATH_SEARCH_PATHS = "$(inherited) @executable_path/Frameworks @loader_path/Frameworks";
				PRODUCT_NAME = "$(TARGET_NAME)";
				TEST_HOST = "$(BUILT_PRODUCTS_DIR)/二维码.app/二维码";
			};
			name = Release;
		};
/* End XCBuildConfiguration section */

/* Begin XCConfigurationList section */
		9174A5E11B3B96CA0067E7C1 /* Build configuration list for PBXProject "二维码" */ = {
			isa = XCConfigurationList;
			buildConfigurations = (
				9174A6071B3B96CA0067E7C1 /* Debug */,
				9174A6081B3B96CA0067E7C1 /* Release */,
			);
			defaultConfigurationIsVisible = 0;
			defaultConfigurationName = Release;
		};
		9174A6091B3B96CA0067E7C1 /* Build configuration list for PBXNativeTarget "二维码" */ = {
			isa = XCConfigurationList;
			buildConfigurations = (
				9174A60A1B3B96CA0067E7C1 /* Debug */,
				9174A60B1B3B96CA0067E7C1 /* Release */,
			);
			defaultConfigurationIsVisible = 0;
			defaultConfigurationName = Release;
		};
		9174A60C1B3B96CA0067E7C1 /* Build configuration list for PBXNativeTarget "二维码Tests" */ = {
			isa = XCConfigurationList;
			buildConfigurations = (
				9174A60D1B3B96CA0067E7C1 /* Debug */,
				9174A60E1B3B96CA0067E7C1 /* Release */,
			);
			defaultConfigurationIsVisible = 0;
			defaultConfigurationName = Release;
		};
/* End XCConfigurationList section */
	};
	rootObject = 9174A5DE1B3B96CA0067E7C1 /* Project object */;
}
